{
  "lockfileVersion": 2,
  "configVersion": 1,
  "workspaces": {
    "": {
      "name": "cante-gui",
      "dependencies": {
        "@pocketjs/framework": "0.11.0",
        "solid-js": "^1.9.15",
      },
      "devDependencies": {
        "@types/bun": "^1.1.14",
        "typescript": "^5.7.2",
      },
    },
  },
  "packages": {
    "@babel/helper-string-parser": ["@babel/helper-string-parser@7.29.7", "", {}, "sha512-Pb5ijPrZ89GDH8223L4UP8i6QApWxs04RbPQJTeWDV0/keR2E36MeKnyr6LYmUUvqRRI+Iv87SuF1W6ErINzYw=="],

    "@babel/helper-validator-identifier": ["@babel/helper-validator-identifier@7.29.7", "", {}, "sha512-qehxGkRj55h/ff8EMaJ+cYhyaKlHIxqYDn682wQD7RNp9UujOQsHog2uS0r2vzr4pW+sXf90NeeayjcNaX3fFg=="],

    "@babel/parser": ["@babel/parser@7.29.8", "", { "dependencies": { "@babel/types": "^7.29.8" }, "bin": "./bin/babel-parser.js" }, "sha512-E8lTAYNB1KW+FH+VGJuZM1ioAx2E6oVlvQFRrf5P8ZZmsiJXYAD9vTFV7yyEURNzgh1dFqMZuO6tUwcARbqFCA=="],

    "@babel/types": ["@babel/types@7.29.8", "", { "dependencies": { "@babel/helper-string-parser": "^7.29.7", "@babel/helper-validator-identifier": "^7.29.7" } }, "sha512-Vj1jF3cPfxg7OAfoI7QnVKLoILlm2JF9pnVHrX8qx7AHMiYWT+NDAA7jChlNgRS4WTLc/fD1lXLmPixluj+3Gg=="],

    "@emnapi/core": ["@emnapi/core@1.10.0", "", { "dependencies": { "@emnapi/wasi-threads": "1.2.1", "tslib": "^2.4.0" } }, "sha512-yq6OkJ4p82CAfPl0u9mQebQHKPJkY7WrIuk205cTYnYe+k2Z8YBh11FrbRG/H6ihirqcacOgl2BIO8oyMQLeXw=="],

    "@emnapi/runtime": ["@emnapi/runtime@1.10.0", "", { "dependencies": { "tslib": "^2.4.0" } }, "sha512-ewvYlk86xUoGI0zQRNq/mC+16R1QeDlKQy21Ki3oSYXNgLb45GV1P6A0M+/s6nyCuNDqe5VpaY84BzXGwVbwFA=="],

    "@emnapi/wasi-threads": ["@emnapi/wasi-threads@1.2.1", "", { "dependencies": { "tslib": "^2.4.0" } }, "sha512-uTII7OYF+/Mes/MrcIOYp5yOtSMLBWSIoLPpcgwipoiKbli6k322tcoFsxoIIxPDqW01SQGAgko4EzZi2BNv2w=="],

    "@jridgewell/gen-mapping": ["@jridgewell/gen-mapping@0.3.13", "", { "dependencies": { "@jridgewell/sourcemap-codec": "^1.5.0", "@jridgewell/trace-mapping": "^0.3.24" } }, "sha512-2kkt/7niJ6MgEPxF0bYdQ6etZaA+fQvDcLKckhy1yIQOzaoKjBBjSj63/aLVjYE3qhRt5dvM+uUyfCg6UKCBbA=="],

    "@jridgewell/remapping": ["@jridgewell/remapping@2.3.5", "", { "dependencies": { "@jridgewell/gen-mapping": "^0.3.5", "@jridgewell/trace-mapping": "^0.3.24" } }, "sha512-LI9u/+laYG4Ds1TDKSJW2YPrIlcVYOwi2fUC6xB43lueCjgxV4lffOCZCtYFiH6TNOX+tQKXx97T4IKHbhyHEQ=="],

    "@jridgewell/resolve-uri": ["@jridgewell/resolve-uri@3.1.2", "", {}, "sha512-bRISgCIjP20/tbWSPWMEi54QVPRZExkuD9lJL+UIxUKtwVJA8wW1Trb1jMs1RFXo1CBTNZ/5hpC9QvmKWdopKw=="],

    "@jridgewell/sourcemap-codec": ["@jridgewell/sourcemap-codec@1.6.0", "", {}, "sha512-T7jf+5zgsZHwNJ4lvQ7/aezbyk0nNX+zJVWpmHA7VYsEx7a7qr5Rg5IbtJFqkgze5Y2sruq1RUY8Q837Od7iFw=="],

    "@jridgewell/trace-mapping": ["@jridgewell/trace-mapping@0.3.31", "", { "dependencies": { "@jridgewell/resolve-uri": "^3.1.0", "@jridgewell/sourcemap-codec": "^1.4.14" } }, "sha512-zzNR+SdQSDJzc8joaeP8QQoCQr8NuYx2dIIytl1QeBEZHJ9uW6hebsrYgbz8hJwUQao3TWCMtmfV8Nu1twOLAw=="],

    "@napi-rs/wasm-runtime": ["@napi-rs/wasm-runtime@1.2.4", "", { "dependencies": { "@tybys/wasm-util": "^0.10.3" }, "peerDependencies": { "@emnapi/core": "^1.7.1 || ^2.0.0-alpha.4", "@emnapi/runtime": "^1.7.1 || ^2.0.0-alpha.4" } }, "sha512-AJxoUD2/15ESHbvpcyjU274nsAPLuOtPHCk0vKJM5pj//Fg/B1FXNWjPnXTT9PymCYYiHo4zPj0ZomXBKhoy7g=="],

    "@noble/hashes": ["@noble/hashes@2.4.0", "", {}, "sha512-X5XaVWZIBCT7HHZGm5I7ZQXDwLG+bGXuSrMQAW+7Zvl87h1kmc1ZB1VSRJcpUfoUrGQp4Fkoxm5kZ+Ms+aW+eA=="],

    "@pocketjs/framework": ["@pocketjs/framework@0.11.0", "", { "dependencies": { "@vue/compiler-sfc": "3.6.0-rc.1", "@vue/compiler-vapor": "3.6.0-rc.1", "octane": "0.1.26", "solid-js": "^1.9", "vue": "3.6.0-rc.1", "vue-jsx-vapor": "3.2.19" } }, "sha512-//wExk4M+W6Q42i1kEQncqPGUf3g5ZGa+Kae1NC3VY8bDnE2EdqBV0DKEX+ryVBK0kx5yJ+eATSF/Mulav39wg=="],

    "@sveltejs/acorn-typescript": ["@sveltejs/acorn-typescript@1.0.13", "", { "peerDependencies": { "acorn": "^8.9.0" } }, "sha512-wgKggnhZVL9Bfx1OaKKTrYY9BFRk6C8UAkQNUcIv1+llzYrIqy+RZm5HPKzn0NpEBvTVhTqB4kQyllZywsRBRQ=="],

    "@tsrx/core": ["@tsrx/core@0.1.71", "", { "dependencies": { "@jridgewell/sourcemap-codec": "^1.5.5", "@noble/hashes": "^2.2.0", "@sveltejs/acorn-typescript": "^1.0.13", "@tsrx/runtime": "0.1.7", "@types/estree": "^1.0.8", "@types/estree-jsx": "^1.0.5", "acorn": "^8.17.0", "esrap": "^2.3.2", "get-tsconfig": "5.0.0-beta.6", "magic-string": "^0.30.18", "zimmerframe": "^1.1.2" } }, "sha512-ooJ9RIOcaM1Z7jFAtW9FtyVnq3Bp8bZCI+mD1kcU0iEO3B2LHbW/gvE8iHONtZJB3wCaW0puFg5dVjRn44op2Q=="],

    "@tsrx/runtime": ["@tsrx/runtime@0.1.7", "", {}, "sha512-lZn1z8nM0/+LSPE0auKiAb0PxN7+cBlCAKImP+aiWbmgLUQF3pcKPvAVRiUWUqjTfR5hC/LpdUElBPiTnoYhcA=="],

    "@tybys/wasm-util": ["@tybys/wasm-util@0.10.4", "", { "dependencies": { "tslib": "^2.4.0" } }, "sha512-W3c4gRigFS0T/Ma4qIYF3GDAc5AQdHb1yL5znJT1Zv1YaD9Kitx656wBjvr19qbiosmZT8lWDM5BEMynUqX65A=="],

    "@types/bun": ["@types/bun@1.4.2", "", { "dependencies": { "bun-types": "1.4.2" } }, "sha512-GimotNn7+ZV0uVArItBbriZsR1oNf0+WTzPkdcFrzShI7k2norL0uzEaJT8T33dWr7O/c9ZDuAFQrctKCi72oQ=="],

    "@types/estree": ["@types/estree@1.0.9", "", {}, "sha512-GhdPgy1el4/ImP05X05Uw4cw2/M93BCUmnEvWZNStlCzEKME4Fkk+YpoA5OiHNQmoS7Cafb8Xa3Pya8m1Qrzeg=="],

    "@types/estree-jsx": ["@types/estree-jsx@1.0.5", "", { "dependencies": { "@types/estree": "*" } }, "sha512-52CcUVNFyfb1A2ALocQw/Dd1BQFNmSdkuC3BkZ6iqhdMfQz7JWOFRuJFloOzjk+6WijU56m9oKXFAXc7o3Towg=="],

    "@types/node": ["@types/node@26.5.1", "", { "dependencies": { "undici-types": "~8.9.0" } }, "sha512-CzNm2FezW4VR/LjG6yUdiEgLE/rAQ9Slj5gCu/C2VrdcW7I0ahNZ8DRbHT7zOZ6r3ONgd/bsQIeSaoDGrd1C6g=="],

    "@types/react": ["@types/react@19.3.0", "", { "dependencies": { "csstype": "^3.2.2" } }, "sha512-N0rFCuH9YoxG9/m61l9MfpJKfmLOVU0em7ipIz6TRgSSkvReLB9vL85GB+yr8Bs5leqpvg96JSwF4ZS1s4viQg=="],

    "@vue-jsx-vapor/compiler-rs": ["@vue-jsx-vapor/compiler-rs@3.2.19", "", { "optionalDependencies": { "@vue-jsx-vapor/compiler-rs-android-arm-eabi": "3.2.19", "@vue-jsx-vapor/compiler-rs-android-arm64": "3.2.19", "@vue-jsx-vapor/compiler-rs-darwin-arm64": "3.2.19", "@vue-jsx-vapor/compiler-rs-darwin-x64": "3.2.19", "@vue-jsx-vapor/compiler-rs-freebsd-x64": "3.2.19", "@vue-jsx-vapor/compiler-rs-linux-arm-gnueabihf": "3.2.19", "@vue-jsx-vapor/compiler-rs-linux-arm64-gnu": "3.2.19", "@vue-jsx-vapor/compiler-rs-linux-arm64-musl": "3.2.19", "@vue-jsx-vapor/compiler-rs-linux-x64-gnu": "3.2.19", "@vue-jsx-vapor/compiler-rs-linux-x64-musl": "3.2.19", "@vue-jsx-vapor/compiler-rs-wasm32-wasi": "3.2.19", "@vue-jsx-vapor/compiler-rs-win32-arm64-msvc": "3.2.19", "@vue-jsx-vapor/compiler-rs-win32-ia32-msvc": "3.2.19", "@vue-jsx-vapor/compiler-rs-win32-x64-msvc": "3.2.19" } }, "sha512-T1uviby19i2LH0T3D/HfpRTkS6xOpsvenknLnUU8qziZ71SLaLWqipbG4mCV1U8gxWvPEEkcgTij1eSXLR7M+g=="],

    "@vue-jsx-vapor/compiler-rs-android-arm-eabi": ["@vue-jsx-vapor/compiler-rs-android-arm-eabi@3.2.19", "", { "os": "android", "cpu": "arm" }, "sha512-HefhdfW2cqQgmstyFySUtsf0ClWvfJacRto0nW0DzrNxojNmLlYKVoa4GnfcR5AitHlbPOnVorZT25rVCJ/MSA=="],

    "@vue-jsx-vapor/compiler-rs-android-arm64": ["@vue-jsx-vapor/compiler-rs-android-arm64@3.2.19", "", { "os": "android", "cpu": "arm64" }, "sha512-Nqz1Fbv9+MxisXhC7Do5zbiB8LQ5kwvLPyqqVpc/KVsKbaitjYGVjuve455wik6kNpfNXGPhLQNywAf9SjMbeg=="],

    "@vue-jsx-vapor/compiler-rs-darwin-arm64": ["@vue-jsx-vapor/compiler-rs-darwin-arm64@3.2.19", "", { "os": "darwin", "cpu": "arm64" }, "sha512-MXZdt87BptqSCGT6EVXwyOMUauf13XCHE2ZoHc4TFUdbaKtFSEXO5By2SIr7Tzix+PwKEoup/mEYdUCdEaz/Bw=="],

    "@vue-jsx-vapor/compiler-rs-darwin-x64": ["@vue-jsx-vapor/compiler-rs-darwin-x64@3.2.19", "", { "os": "darwin", "cpu": "x64" }, "sha512-Ctvxsl52Vjttc28pJf3J14+TuHXoVaPd5mB0w52CPChsKYmBolDat5GXCP82Li8OOAOzX4o7OcMT6UbFcYxdug=="],

    "@vue-jsx-vapor/compiler-rs-freebsd-x64": ["@vue-jsx-vapor/compiler-rs-freebsd-x64@3.2.19", "", { "os": "freebsd", "cpu": "x64" }, "sha512-pEqJMObI4zHdPiaXI6/4gVcO2kmM0Ay63gMsW3IUOZhIv4OVwmBpLYaA7a3Mwjyk9TvHK+oze0ohTm9wWQuuNw=="],

    "@vue-jsx-vapor/compiler-rs-linux-arm-gnueabihf": ["@vue-jsx-vapor/compiler-rs-linux-arm-gnueabihf@3.2.19", "", { "os": "linux", "cpu": "arm" }, "sha512-bwpP8QAcdSmFVv8s+79nSdcYZcm8gwehAtYzAT78Iun/FT9pniSzeJpeHi7lccMKgkmhrAGGat7moADY4QrfYw=="],

    "@vue-jsx-vapor/compiler-rs-linux-arm64-gnu": ["@vue-jsx-vapor/compiler-rs-linux-arm64-gnu@3.2.19", "", { "os": "linux", "cpu": "arm64" }, "sha512-omJ7FlyqchUqpPESe673vjHufzYy7rrOQ/gRGcCBWGlQfTg2tzk8YBxvdFgmqSeCHpIPev7ZdZyWKsjrQGOMyw=="],

    "@vue-jsx-vapor/compiler-rs-linux-arm64-musl": ["@vue-jsx-vapor/compiler-rs-linux-arm64-musl@3.2.19", "", { "os": "linux", "cpu": "arm64" }, "sha512-CCzyY/LX6vmhsFhOh/bqaVzIot/Mky9lz3CMgvbzUktUebxG/Rfh9oo4jFcjOb1QFWfNpDPRUZGsBaBXQ+gP2w=="],

    "@vue-jsx-vapor/compiler-rs-linux-x64-gnu": ["@vue-jsx-vapor/compiler-rs-linux-x64-gnu@3.2.19", "", { "os": "linux", "cpu": "x64" }, "sha512-BA/KIwyzkT+jUSYA+t7pZMhZe8zShEDgIgjw94WwBbPLtzWMof+YLKY8FqNjN4nTXTwJn5yBuVtWD2LCg/6sWg=="],

    "@vue-jsx-vapor/compiler-rs-linux-x64-musl": ["@vue-jsx-vapor/compiler-rs-linux-x64-musl@3.2.19", "", { "os": "linux", "cpu": "x64" }, "sha512-iYX0o9lnrTk19g2NAh0+EGflWk02LmKhNB5lwOXzXRVItyBuwqSsyy7fxad2rDHMdUT+gvp5HVA0rS28A11O2g=="],

    "@vue-jsx-vapor/compiler-rs-wasm32-wasi": ["@vue-jsx-vapor/compiler-rs-wasm32-wasi@3.2.19", "", { "dependencies": { "@emnapi/core": "1.10.0", "@emnapi/runtime": "1.10.0", "@napi-rs/wasm-runtime": "^1.1.6" }, "cpu": "none" }, "sha512-0/maDIH/KMChDeUJhNik5HFahtJo8fXfYZT2gRtavTqhjAFC9f4WkVSwC87SC8zCi/mVT1cy5f6COCLwN3xTEg=="],

    "@vue-jsx-vapor/compiler-rs-win32-arm64-msvc": ["@vue-jsx-vapor/compiler-rs-win32-arm64-msvc@3.2.19", "", { "os": "win32", "cpu": "arm64" }, "sha512-sDpi5f+b3qFx4zDOHZdsujPkd1FDT53ALdaPdgfYKwA1DNkR4ovY/TI3SsvSmPmEAmf6GsB7jGinShpX5HyaDg=="],

    "@vue-jsx-vapor/compiler-rs-win32-ia32-msvc": ["@vue-jsx-vapor/compiler-rs-win32-ia32-msvc@3.2.19", "", { "os": "win32", "cpu": "ia32" }, "sha512-d4dxiaLsWDyM2zZjsP/LRDeJHoOy8/etrX1723Hlh2k8gzIITn77yzespEOK73dvdfusGbfOV0S/dkzqM0k09w=="],

    "@vue-jsx-vapor/compiler-rs-win32-x64-msvc": ["@vue-jsx-vapor/compiler-rs-win32-x64-msvc@3.2.19", "", { "os": "win32", "cpu": "x64" }, "sha512-puiHMm14vhtar1ozcbQxSSJzNiuzcPT7dZQbY+ibWYuw2vchSHRXFS30gSvaIolz8RuHflrZ4uGHMTRdya+Pcw=="],

    "@vue-jsx-vapor/macros": ["@vue-jsx-vapor/macros@3.2.19", "", { "dependencies": { "hash-sum": "^2.0.0", "magic-string": "^0.30.21", "ts-macro": "^0.3.7", "unplugin": "^3.0.0", "unplugin-utils": "^0.3.1" }, "peerDependencies": { "@nuxt/kit": "^3", "@nuxt/schema": "^3", "esbuild": "*", "rollup": "^3", "vite": ">=3", "vue": ">=3", "webpack": "^4 || ^5" }, "optionalPeers": ["@nuxt/kit", "@nuxt/schema", "esbuild", "rollup", "vite", "webpack"] }, "sha512-4xEjB8uQ+MnD4bQwdchRumm0N1Ru2Q7nkz06DFsOXcCtx6oJdWnI4WEkOqXuXDdGHGcLl0pffcemtCMNhWmxXA=="],

    "@vue-jsx-vapor/runtime": ["@vue-jsx-vapor/runtime@3.2.19", "", { "peerDependencies": { "csstype": "^3.2.3", "vue": "3.6.0-rc.1" } }, "sha512-pnULs33aW5G7tmKbveZjUorqChgP4HKrralQFIus//BPR5uZKJr2NVJtPxERzkCuc2BdHMG1SmN0TJtuFbACAQ=="],

    "@vue/compiler-core": ["@vue/compiler-core@3.6.0-rc.1", "", { "dependencies": { "@babel/parser": "^7.29.7", "@vue/shared": "3.6.0-rc.1", "entities": "^7.0.1", "estree-walker": "^2.0.2", "source-map-js": "^1.2.1" } }, "sha512-0zHxvG8TBoqFYzA35RHEdS5tDt18+CJ6vhwvYKICnGBt04Wrw2hElMyuaoQ9neCdDpTRX0pNOoj8Sr/JPj6wMA=="],

    "@vue/compiler-dom": ["@vue/compiler-dom@3.6.0-rc.1", "", { "dependencies": { "@vue/compiler-core": "3.6.0-rc.1", "@vue/shared": "3.6.0-rc.1" } }, "sha512-EZ7LMqPlq1qBAtvlkLinMiDKduj7BrBmsE2pLuKaZDqkYmjdX7xQityGxl9S3Ll5KHc3O8qzOem910Yb8QaT2w=="],

    "@vue/compiler-sfc": ["@vue/compiler-sfc@3.6.0-rc.1", "", { "dependencies": { "@babel/parser": "^7.29.7", "@vue/compiler-core": "3.6.0-rc.1", "@vue/compiler-dom": "3.6.0-rc.1", "@vue/compiler-ssr": "3.6.0-rc.1", "@vue/compiler-vapor": "3.6.0-rc.1", "@vue/shared": "3.6.0-rc.1", "estree-walker": "^2.0.2", "magic-string": "^0.30.21", "postcss": "^8.5.19", "source-map-js": "^1.2.1" } }, "sha512-LNG/uJuCM45I+prqDGre67NsNVHIfU0aHx8Uy/csFXH4SmqvRBC39CRH815g/re/ZwVVkg8gJvsIMlOz7CRUUg=="],

    "@vue/compiler-ssr": ["@vue/compiler-ssr@3.6.0-rc.1", "", { "dependencies": { "@vue/compiler-dom": "3.6.0-rc.1", "@vue/shared": "3.6.0-rc.1" } }, "sha512-WyqwSFtU6ntpzF6IV6yRgRQWHkDGPpw/Zry+retpb2qmGXLjbFqmK8wANfDY7sK6LyFxNwEdmvGZJdr16UXj1g=="],

    "@vue/compiler-vapor": ["@vue/compiler-vapor@3.6.0-rc.1", "", { "dependencies": { "@babel/parser": "^7.29.7", "@vue/compiler-dom": "3.6.0-rc.1", "@vue/shared": "3.6.0-rc.1", "estree-walker": "^2.0.2", "source-map-js": "^1.2.1" } }, "sha512-jbknW7YM1VUx6ZcpXGzc81aN6TKPaWAcAqCG1pDvQ88xCOgAXFgeKAniJtZmWl5PNGvH07XoyclOlykcC4l77A=="],

    "@vue/reactivity": ["@vue/reactivity@3.6.0-rc.1", "", { "dependencies": { "@vue/shared": "3.6.0-rc.1" } }, "sha512-9B5iBqejQrLIj19ZFEeTVdiBp/KPXWKE+jL77Ccm+df7p0+VaUZih3gFsZ4HkV2qEUTupS+p3FK3kt0GjbxuEw=="],

    "@vue/runtime-core": ["@vue/runtime-core@3.6.0-rc.1", "", { "dependencies": { "@vue/reactivity": "3.6.0-rc.1", "@vue/shared": "3.6.0-rc.1" } }, "sha512-0fA7pqZg9x9OKbWvRQGF7Hg1DnbvpHDMI4dKVjUt4FfjiFaJV6OspHmWIjFT6KHODzhQFZw+lBVoeCDZHOg7Pw=="],

    "@vue/runtime-dom": ["@vue/runtime-dom@3.6.0-rc.1", "", { "dependencies": { "@vue/reactivity": "3.6.0-rc.1", "@vue/runtime-core": "3.6.0-rc.1", "@vue/shared": "3.6.0-rc.1", "csstype": "^3.2.3" } }, "sha512-XKJ8sf0uUkCJPTM8WgDVPEieVmXNlwME2h+4Iv00NijUQ3iWqpaCbG1YE0rIwFuH4vts3SqFb+yCb4XwTCzCCQ=="],

    "@vue/runtime-vapor": ["@vue/runtime-vapor@3.6.0-rc.1", "", { "dependencies": { "@vue/reactivity": "3.6.0-rc.1", "@vue/shared": "3.6.0-rc.1" }, "peerDependencies": { "@vue/runtime-dom": "3.6.0-rc.1" } }, "sha512-gvSI6YHba9M6QSq4roI3DkDwf2lOGISU4KBf1VndvtVEmTYONHspb4E1V38r2ADEF4pB0Xs+7ccey8JPNG6pZQ=="],

    "@vue/server-renderer": ["@vue/server-renderer@3.6.0-rc.1", "", { "dependencies": { "@vue/compiler-ssr": "3.6.0-rc.1", "@vue/runtime-dom": "3.6.0-rc.1", "@vue/shared": "3.6.0-rc.1" } }, "sha512-X8NpztlFaZfFMYboohQ3BZLYmUlwAuSj0tPxZx8tEwFW1JFEqB0IwcFjRGmC1NA3fnq3duLJZjzwJ8htvirV/Q=="],

    "@vue/shared": ["@vue/shared@3.6.0-rc.1", "", {}, "sha512-G2Y0ePuu7QIZ7eX7I8r0Q6mwO6rwhMXyYY8UAlPvkXsu7IxT5i8wDxiZK8EI5FnYYJKdSWInDnZREDX9w9zdCg=="],

    "acorn": ["acorn@8.18.0", "", { "bin": { "acorn": "bin/acorn" } }, "sha512-lGq+9yr1/GuAWaVYIHRjvvySG5/4VfKIvC8EWxStPdcDh/Ka7FG3twP6v4d5BkravUilhIAsG4Qj83t02LWUPQ=="],

    "bun-types": ["bun-types@1.4.2", "", { "dependencies": { "@types/node": "*" } }, "sha512-bxV1FgK7yBIzjRe5zBozIM4Bem11ZJcCXSrjWRG3YWLt8yFDePu4cLjpebO8OvPeIE9trbyPF4fuj3Cia4Fj3w=="],

    "csstype": ["csstype@3.2.3", "", {}, "sha512-z1HGKcYy2xA8AGQfwrn0PAy+PB7X/GSj3UVJW9qKyn43xWa+gl5nXmU4qqLMRzWVLFC8KusUX8T/0kCiOYpAIQ=="],

    "devalue": ["devalue@5.9.2", "", {}, "sha512-po4PAY5c53tw5XMocSnf8A/5OHhbbUftpr93aEN6BBoAdntUmK7vu7wOATqvt7cXO7m1Cl4gMVn6p7n6n4mj0w=="],

    "entities": ["entities@7.0.1", "", {}, "sha512-TWrgLOFUQTH994YUyl1yT4uyavY5nNB5muff+RtWaqNVCAK408b5ZnnbNAUEWLTCpum9w6arT70i1XdQ4UeOPA=="],

    "es-module-lexer": ["es-module-lexer@1.7.0", "", {}, "sha512-jEQoCwk8hyb2AZziIOLhDqpm5+2ww5uIE6lkO/6jcOCusfk6LhMHpXXfBLXTZ7Ydyt0j4VoUQv6uGNYbdW+kBA=="],

    "esrap": ["esrap@2.3.7", "", { "dependencies": { "@jridgewell/sourcemap-codec": "^1.4.15" }, "peerDependencies": { "@typescript-eslint/types": "^8.2.0" }, "optionalPeers": ["@typescript-eslint/types"] }, "sha512-n2nf7fZR3c9yXf0BPEuHuXqT+KW0SJVj4cN5FMEkpCZ3scLjOQWpiccyCxVzCC2q1wubTghuEGzngJY/7Ah0Ow=="],

    "estree-walker": ["estree-walker@2.0.2", "", {}, "sha512-Rfkk/Mp/DL7JVje3u18FxFujQlTNR2q6QfMSMB7AvCBx91NGj/ba3kCfza0f6dVDbw7YlRf/nDrn7pQrCCyQ/w=="],

    "get-tsconfig": ["get-tsconfig@5.0.0-beta.6", "", { "dependencies": { "resolve-pkg-maps": "^1.0.0" } }, "sha512-X6fBC0pmImC70gvX2zm56go9hx0MyoGVdG0tUCkg/D+Xnh5TJsOZ7iDbOdI3PvmtrDxnu1YdDufpK2QJX1Meqw=="],

    "hash-sum": ["hash-sum@2.0.0", "", {}, "sha512-WdZTbAByD+pHfl/g9QSsBIIwy8IT+EsPiKDs0KNX+zSHhdDLFKdZu0BQHljvO+0QI/BasbMSUa8wYNCZTvhslg=="],

    "magic-string": ["magic-string@0.30.21", "", { "dependencies": { "@jridgewell/sourcemap-codec": "^1.5.5" } }, "sha512-vd2F4YUyEXKGcLHoq+TEyCjxueSeHnFxyyjNp80yg0XV4vUhnDer/lvvlqM/arB5bXQN5K2/3oinyCRyx8T2CQ=="],

    "muggle-string": ["muggle-string@0.4.1", "", {}, "sha512-VNTrAak/KhO2i8dqqnqnAHOa3cYBwXEZe9h+D5h/1ZqFSTEFHdM65lR7RoIqq3tBBYavsOXV84NoHXZ0AkPyqQ=="],

    "nanoid": ["nanoid@3.3.19", "", { "bin": { "nanoid": "bin/nanoid.cjs" } }, "sha512-Y2tUNy4ouw6tq5oDSKeQYGOyhkUBhNOcGV/02KC+6kd9eDGqdZd++mjMiIDilrBYvjEnCYvVtsuHCuP+okSfug=="],

    "octane": ["octane@0.1.26", "", { "dependencies": { "@tsrx/core": "^0.1.56", "@types/react": "^19.2.17", "devalue": "^5.8.2", "es-module-lexer": "^1.7.0", "esrap": "^2.3.0" }, "peerDependencies": { "react": "^19.0.0", "react-dom": "^19.0.0", "vite": "^8.0.16" }, "optionalPeers": ["react", "react-dom", "vite"] }, "sha512-StqvnF8qSqIzNQoikPyrYlFBulUgxY7d9An+JptrT/JgZi/sxoygby0iik0EtikNN6RLleeqr/ebS08pxT5NFA=="],

    "pathe": ["pathe@2.0.3", "", {}, "sha512-WUjGcAqP1gQacoQe+OBJsFA7Ld4DyXuUIjZ5cc75cLHvJ7dtNsTugphxIADwspS+AraAUePCKrSVtPLFj/F88w=="],

    "picocolors": ["picocolors@1.1.1", "", {}, "sha512-xceH2snhtb5M9liqDsmEw56le376mTZkEX/jEb/RxNFyegNul7eNslCXP9FDj/Lcu0X8KEyMceP2ntpaHrDEVA=="],

    "picomatch": ["picomatch@4.0.7", "", {}, "sha512-qcJu88Q2IWqJsDD529JKMdwGm/dvInW4HvQnRwiH9JtihJvzGOscDtHE3x1pBKeUOTysQ8kVmLnJ2kJu7yhcGA=="],

    "postcss": ["postcss@8.5.28", "", { "dependencies": { "nanoid": "^3.3.18", "picocolors": "^1.1.1", "source-map-js": "^1.2.1" } }, "sha512-RRuzqDtt5Y9h3quz5hWhK+TPnsmVs6WwSU6LkJMeY4HstUEDuYTG8UJSdawMRzmzAtV+KEoG8N3Qg2qLy5vM/A=="],

    "resolve-pkg-maps": ["resolve-pkg-maps@1.0.0", "", {}, "sha512-seS2Tj26TBVOC2NIc2rOe2y2ZO7efxITtLZcGSOnHHNOQ7CkiUBfw0Iw2ck6xkIhPwLhKNLS8BO+hEpngQlqzw=="],

    "seroval": ["seroval@1.5.6", "", {}, "sha512-rVQVWjjSvlINzaQPZH5JFqsqEsIWdTxY3iJZCnTL/5gQbXIRooVZKI60tVCkOVfzcRPejboxO2t0P89dg5mQaA=="],

    "seroval-plugins": ["seroval-plugins@1.5.6", "", { "peerDependencies": { "seroval": "^1.0" } }, "sha512-HXuLAX2pu/UByPpaeo/TaMfvMIi+1QqIoPJYCcAtU8QkVNwgR6MPlGuCQTErV1JwraaMbYaWVIBX7mppzGLATQ=="],

    "solid-js": ["solid-js@1.9.15", "", { "dependencies": { "csstype": "^3.1.0", "seroval": "~1.5.4", "seroval-plugins": "~1.5.4" } }, "sha512-EeiY2xfpZJqPLjXspVEKjAII4yv8NyG//NxZ3IpOFHdUNnnTyL0uJOeS9LWGvA7cFCz5y94cjFwYlmw5Luncsg=="],

    "source-map-js": ["source-map-js@1.2.1", "", {}, "sha512-UXWMKhLOwVKb728IUtQPXxfYU+usdybtUrK/8uGE8CQMvrhOpwvzDBwj0QhSL7MQc7vIsISBG8VQ8+IDQxpfQA=="],

    "ts-macro": ["ts-macro@0.3.7", "", { "dependencies": { "muggle-string": "^0.4.1" } }, "sha512-5BinbTKn5WXRslotv5/VWTn3catfK0thWoB4BZI5VNEdxMu6r9AUPFalut4wLEK3nGvxhywA9aAdZnJ+Fnug9A=="],

    "tslib": ["tslib@2.8.1", "", {}, "sha512-oJFu94HQb+KVduSUQL7wnpmqnfmLsOA/nAh6b6EH0wCEoK0/mPeXU6c3wKDV83MkOuHPRHtSXKKU99IBazS/2w=="],

    "typescript": ["typescript@5.9.3", "", { "bin": { "tsc": "bin/tsc", "tsserver": "bin/tsserver" } }, "sha512-jl1vZzPDinLr9eUt3J/t7V6FgNEw9QjvBPdysz9KfQDD41fQrC2Y4vKQdiaUpFT4bXlb1RHhLpp8wtm6M5TgSw=="],

    "undici-types": ["undici-types@8.9.0", "", {}, "sha512-KTDyRTYX8sWmKXAikPHHSyc63CRPETMctyjKFupcC6OBLXT3xsN0e9aF7m+mIXutFWpUXuedtowG7iLOzp0kQg=="],

    "unplugin": ["unplugin@3.3.0", "", { "dependencies": { "@jridgewell/remapping": "^2.3.5", "picomatch": "^4.0.4", "webpack-virtual-modules": "^0.6.2" }, "peerDependencies": { "@farmfe/core": "*", "@rspack/core": "*", "bun-types-no-globals": "*", "esbuild": "*", "rolldown": "*", "rollup": "*", "unloader": "*", "vite": "*", "webpack": "*" }, "optionalPeers": ["@farmfe/core", "@rspack/core", "bun-types-no-globals", "esbuild", "rolldown", "rollup", "unloader", "vite", "webpack"] }, "sha512-qa66K+crbfyE6JK10GjvbJeRrOsuC/JpbnHctfyp/i4oBTxWOzJfRZyDiOk1PtErMFRu8JhsU/wPvOdBNWe5Rg=="],

    "unplugin-utils": ["unplugin-utils@0.3.2", "", { "dependencies": { "pathe": "^2.0.3", "picomatch": "^4.0.4" } }, "sha512-xVToRh2CTmLk2HnEG7ac4rl1MJTT3RFkpS8B++/SnB0kXvuaavD+n3m/vrzyWQOdJNSZQACnbz01pnppbwV5BA=="],

    "vue": ["vue@3.6.0-rc.1", "", { "dependencies": { "@vue/compiler-dom": "3.6.0-rc.1", "@vue/compiler-sfc": "3.6.0-rc.1", "@vue/runtime-dom": "3.6.0-rc.1", "@vue/runtime-vapor": "3.6.0-rc.1", "@vue/server-renderer": "3.6.0-rc.1", "@vue/shared": "3.6.0-rc.1" }, "peerDependencies": { "typescript": "*" }, "optionalPeers": ["typescript"] }, "sha512-CSF6J6iAAaj3f/x5JVgNzePNxE9OHBPMGHXWHvRN0T3YJQCGWOVWIgZL8gNxZwr6bIkNAqoik6UNltcH0eXfjA=="],

    "vue-jsx-vapor": ["vue-jsx-vapor@3.2.19", "", { "dependencies": { "@vue-jsx-vapor/compiler-rs": "3.2.19", "@vue-jsx-vapor/macros": "3.2.19", "@vue-jsx-vapor/runtime": "3.2.19", "@vue/shared": "3.6.0-rc.1", "pathe": "^2.0.3", "ts-macro": "^0.3.7", "unplugin": "^3.0.0", "unplugin-utils": "^0.3.1" }, "peerDependencies": { "@nuxt/kit": "^3", "@nuxt/schema": "^3", "esbuild": "*", "rollup": "^3", "vite": ">=3", "vue": "^3", "webpack": "^4 || ^5" }, "optionalPeers": ["@nuxt/kit", "@nuxt/schema", "esbuild", "rollup", "vite", "webpack"] }, "sha512-jigvOolTWt7LrQzBp+JDSYuv64yH3u4Ymo8Vw4QBLXtzcv8Jua7HU37JMfi24lN1qC0n7WgyBPZox0RzNKWqJA=="],

    "webpack-virtual-modules": ["webpack-virtual-modules@0.6.2", "", {}, "sha512-66/V2i5hQanC51vBQKPH4aI8NMAcBW59FVBs+rC7eGHupMyfn34q7rZIE+ETlJ+XTevqfUhVVBgSUNSW2flEUQ=="],

    "zimmerframe": ["zimmerframe@1.1.5", "", {}, "sha512-msJxIvYDYcoNL+PJsu+7qmpDWsYmAxTY+2TNYXXF0hzBzBk0BMecOqDOG/EckUoKCuKwObfbugIl8QpqHDXeFA=="],
  }
}
